{
  "version": 4,
  "terraform_version": "1.10.4",
  "serial": 605,
  "lineage": "258266e2-f08b-ef24-7b22-0a534fff843e",
  "outputs": {},
  "resources": [
    {
      "mode": "managed",
      "type": "libvirt_cloudinit_disk",
      "name": "host1_cloudinit",
      "provider": "provider[\"registry.terraform.io/dmacvicar/libvirt\"]",
      "instances": [
        {
          "index_key": 0,
          "schema_version": 0,
          "attributes": {
            "id": "/var/lib/libvirt/images/ubuntu-host1-cloudinit-1.iso;05626e5e-3628-463e-a79d-b2895fb18ee3",
            "meta_data": "",
            "name": "ubuntu-host1-cloudinit-1.iso",
            "network_config": "version: 2\nethernets:\n  ens3:\n    dhcp4: false\n    addresses:\n      - 192.168.122.10/24  # Static IP for the master\n    gateway4: 192.168.122.1\n    nameservers:\n      addresses:\n        - 8.8.8.8\n        - 8.8.4.4\n\n",
            "pool": "default",
            "user_data": "#cloud-config\nhostname: otayouvm\nusers:\n  - name: ubuntu\n    sudo: ALL=(ALL) NOPASSWD:ALL\n    groups: users, admin\n    home: /home/ubuntu\n    shell: /bin/bash\n    lock_passwd: false\n    ssh-authorized-keys:\n      - ssh-rsa AAAAB3NzaC1yc2EAAAADAQABAAACAQDKDnAezI7H4fvRBegTGugWHn2w4ma/7AF+2f1nElXtUrRTNfj2D+uewsUiEFixmKTdfv3dIL7bozPk5DckfXzogpcOA5Ldd4LO0/F1eYRBhCTe3Y+qAFjDR7wlqsN0z4AIeVyL1CoSxDRVVrtzFn0ww5kFD3FaTyQ1pKTCswQrxGlohY0/7CxTKG6WYLaitMrOiAO85vyRscanrdvaGhMhOf7q/b2na/26a7ozZFX1BVvX1KqZWp1OXbB6b71TZoyo7Dsl4M7sjJTB+X89iCA62mLGYolvIEWaAqmUsmrd571gMRsY7G7Z+ocvSjvwTHfvjzbTpDBjHbjUi9FtPmjepcEjd5YwwMKagnZy28kgu9VpkfnqOvItsXPfagrBQMe/uAG+u8JMYu6XHs3u69kqfd6oca3gz1zAzX357q1A1WUcx45oaLAl0l4f8F9RMDJjEv7yWoC+PGdRh1mdSg+aUJCMfggruazMx4LufmvginZcUf/PLttnYcWclRHaA4Fdg+SBGhBdSYyRX9BmFx6AsugxVndH7lPtGQ5LcGbEKLimgRswVHbSNUKvh0R6/SAEfLLjeFB+KXp7M1QObzed4BvbFru98fkxj8ne0xviGcexKVCx9ZFFmz0wRH36sqU/T50+snHq4/vPEeqNivzg/7uMj5Ysa/2WeWLUX5brtw== root@host1\nssh_pwauth: false\n\nchpasswd:\n  list: |\n     ubuntu: $6$abcdefgh$randomhashedvalue123456...\n  expire: False\n\npackages:\n  - python3\n  - python3-pip\n\nruncmd:\n  - [ systemctl, daemon-reload ]\n  - [ systemctl, restart, networking ]\n\nfinal_message: \"Let's GO !!! after $UPTIME seconds\"\n"
          },
          "sensitive_attributes": [],
          "private": "bnVsbA=="
        },
        {
          "index_key": 1,
          "schema_version": 0,
          "attributes": {
            "id": "/var/lib/libvirt/images/ubuntu-host1-cloudinit-2.iso;675fa4a8-cd34-4eed-bf32-d95a0f2abd48",
            "meta_data": "",
            "name": "ubuntu-host1-cloudinit-2.iso",
            "network_config": "version: 2\nethernets:\n  ens3:\n    dhcp4: false\n    addresses:\n      - 192.168.122.11/24  # Static IP for worker 1\n    gateway4: 192.168.122.1\n    nameservers:\n      addresses:\n        - 8.8.8.8\n        - 8.8.4.4\n\n",
            "pool": "default",
            "user_data": "#cloud-config\nhostname: otayouvm\nusers:\n  - name: ubuntu\n    sudo: ALL=(ALL) NOPASSWD:ALL\n    groups: users, admin\n    home: /home/ubuntu\n    shell: /bin/bash\n    lock_passwd: false\n    ssh-authorized-keys:\n      - ssh-rsa AAAAB3NzaC1yc2EAAAADAQABAAACAQDKDnAezI7H4fvRBegTGugWHn2w4ma/7AF+2f1nElXtUrRTNfj2D+uewsUiEFixmKTdfv3dIL7bozPk5DckfXzogpcOA5Ldd4LO0/F1eYRBhCTe3Y+qAFjDR7wlqsN0z4AIeVyL1CoSxDRVVrtzFn0ww5kFD3FaTyQ1pKTCswQrxGlohY0/7CxTKG6WYLaitMrOiAO85vyRscanrdvaGhMhOf7q/b2na/26a7ozZFX1BVvX1KqZWp1OXbB6b71TZoyo7Dsl4M7sjJTB+X89iCA62mLGYolvIEWaAqmUsmrd571gMRsY7G7Z+ocvSjvwTHfvjzbTpDBjHbjUi9FtPmjepcEjd5YwwMKagnZy28kgu9VpkfnqOvItsXPfagrBQMe/uAG+u8JMYu6XHs3u69kqfd6oca3gz1zAzX357q1A1WUcx45oaLAl0l4f8F9RMDJjEv7yWoC+PGdRh1mdSg+aUJCMfggruazMx4LufmvginZcUf/PLttnYcWclRHaA4Fdg+SBGhBdSYyRX9BmFx6AsugxVndH7lPtGQ5LcGbEKLimgRswVHbSNUKvh0R6/SAEfLLjeFB+KXp7M1QObzed4BvbFru98fkxj8ne0xviGcexKVCx9ZFFmz0wRH36sqU/T50+snHq4/vPEeqNivzg/7uMj5Ysa/2WeWLUX5brtw== root@host1\nssh_pwauth: false\n\nchpasswd:\n  list: |\n     ubuntu: $6$abcdefgh$randomhashedvalue123456...\n  expire: False\n\npackages:\n  - python3\n  - python3-pip\n\nruncmd:\n  - [ systemctl, daemon-reload ]\n  - [ systemctl, restart, networking ]\n\nfinal_message: \"Let's GO !!! after $UPTIME seconds\"\n"
          },
          "sensitive_attributes": [],
          "private": "bnVsbA=="
        },
        {
          "index_key": 2,
          "schema_version": 0,
          "attributes": {
            "id": "/var/lib/libvirt/images/ubuntu-host1-cloudinit-3.iso;364dbf38-b828-40f8-8435-088d7f0ba13d",
            "meta_data": "",
            "name": "ubuntu-host1-cloudinit-3.iso",
            "network_config": "version: 2\nethernets:\n  ens3:\n    dhcp4: false\n    addresses:\n      - 192.168.122.12/24  # Static IP for worker 1\n    gateway4: 192.168.122.1\n    nameservers:\n      addresses:\n        - 8.8.8.8\n        - 8.8.4.4\n\n",
            "pool": "default",
            "user_data": "#cloud-config\nhostname: otayouvm\nusers:\n  - name: ubuntu\n    sudo: ALL=(ALL) NOPASSWD:ALL\n    groups: users, admin\n    home: /home/ubuntu\n    shell: /bin/bash\n    lock_passwd: false\n    ssh-authorized-keys:\n      - ssh-rsa AAAAB3NzaC1yc2EAAAADAQABAAACAQDKDnAezI7H4fvRBegTGugWHn2w4ma/7AF+2f1nElXtUrRTNfj2D+uewsUiEFixmKTdfv3dIL7bozPk5DckfXzogpcOA5Ldd4LO0/F1eYRBhCTe3Y+qAFjDR7wlqsN0z4AIeVyL1CoSxDRVVrtzFn0ww5kFD3FaTyQ1pKTCswQrxGlohY0/7CxTKG6WYLaitMrOiAO85vyRscanrdvaGhMhOf7q/b2na/26a7ozZFX1BVvX1KqZWp1OXbB6b71TZoyo7Dsl4M7sjJTB+X89iCA62mLGYolvIEWaAqmUsmrd571gMRsY7G7Z+ocvSjvwTHfvjzbTpDBjHbjUi9FtPmjepcEjd5YwwMKagnZy28kgu9VpkfnqOvItsXPfagrBQMe/uAG+u8JMYu6XHs3u69kqfd6oca3gz1zAzX357q1A1WUcx45oaLAl0l4f8F9RMDJjEv7yWoC+PGdRh1mdSg+aUJCMfggruazMx4LufmvginZcUf/PLttnYcWclRHaA4Fdg+SBGhBdSYyRX9BmFx6AsugxVndH7lPtGQ5LcGbEKLimgRswVHbSNUKvh0R6/SAEfLLjeFB+KXp7M1QObzed4BvbFru98fkxj8ne0xviGcexKVCx9ZFFmz0wRH36sqU/T50+snHq4/vPEeqNivzg/7uMj5Ysa/2WeWLUX5brtw== root@host1\nssh_pwauth: false\n\nchpasswd:\n  list: |\n     ubuntu: $6$abcdefgh$randomhashedvalue123456...\n  expire: False\n\npackages:\n  - python3\n  - python3-pip\n\nruncmd:\n  - [ systemctl, daemon-reload ]\n  - [ systemctl, restart, networking ]\n\nfinal_message: \"Let's GO !!! after $UPTIME seconds\"\n"
          },
          "sensitive_attributes": [],
          "private": "bnVsbA=="
        }
      ]
    },
    {
      "mode": "managed",
      "type": "libvirt_domain",
      "name": "host1_vms",
      "provider": "provider[\"registry.terraform.io/dmacvicar/libvirt\"]",
      "instances": [
        {
          "index_key": 0,
          "schema_version": 0,
          "attributes": {
            "arch": "x86_64",
            "autostart": false,
            "boot_device": [],
            "cloudinit": "/var/lib/libvirt/images/ubuntu-host1-cloudinit-1.iso;05626e5e-3628-463e-a79d-b2895fb18ee3",
            "cmdline": null,
            "console": [
              {
                "source_host": "127.0.0.1",
                "source_path": "",
                "source_service": "0",
                "target_port": "0",
                "target_type": "serial",
                "type": "pty"
              }
            ],
            "coreos_ignition": null,
            "cpu": [
              {
                "mode": "custom"
              }
            ],
            "description": "",
            "disk": [
              {
                "block_device": "",
                "file": "",
                "scsi": false,
                "url": "",
                "volume_id": "/var/lib/libvirt/images/ubuntu-host1-vm-1.img",
                "wwn": ""
              }
            ],
            "emulator": "/usr/bin/qemu-system-x86_64",
            "filesystem": [],
            "firmware": null,
            "fw_cfg_name": "opt/com.coreos/config",
            "graphics": [],
            "id": "a56453b9-0782-487d-ab17-a3d84fc6961c",
            "initrd": "",
            "kernel": "",
            "machine": "pc",
            "memory": 2048,
            "metadata": null,
            "name": "host1-vm-1",
            "network_interface": [
              {
                "addresses": [],
                "bridge": "",
                "hostname": "",
                "mac": "52:54:00:C6:3D:62",
                "macvtap": "",
                "network_id": "d8e5f04f-2547-473f-948f-f3e6dfc4d761",
                "network_name": "default",
                "passthrough": "",
                "vepa": "",
                "wait_for_lease": false
              }
            ],
            "nvram": null,
            "qemu_agent": false,
            "running": true,
            "timeouts": null,
            "tpm": [],
            "type": "kvm",
            "vcpu": 2,
            "video": [],
            "xml": []
          },
          "sensitive_attributes": [],
          "private": "eyJlMmJmYjczMC1lY2FhLTExZTYtOGY4OC0zNDM2M2JjN2M0YzAiOnsiY3JlYXRlIjozMDAwMDAwMDAwMDB9fQ==",
          "dependencies": [
            "libvirt_cloudinit_disk.host1_cloudinit",
            "libvirt_volume.ubuntu_cloud_host1"
          ]
        },
        {
          "index_key": 1,
          "schema_version": 0,
          "attributes": {
            "arch": "x86_64",
            "autostart": false,
            "boot_device": [],
            "cloudinit": "/var/lib/libvirt/images/ubuntu-host1-cloudinit-2.iso;675fa4a8-cd34-4eed-bf32-d95a0f2abd48",
            "cmdline": null,
            "console": [
              {
                "source_host": "127.0.0.1",
                "source_path": "",
                "source_service": "0",
                "target_port": "0",
                "target_type": "serial",
                "type": "pty"
              }
            ],
            "coreos_ignition": null,
            "cpu": [
              {
                "mode": "custom"
              }
            ],
            "description": "",
            "disk": [
              {
                "block_device": "",
                "file": "",
                "scsi": false,
                "url": "",
                "volume_id": "/var/lib/libvirt/images/ubuntu-host1-vm-2.img",
                "wwn": ""
              }
            ],
            "emulator": "/usr/bin/qemu-system-x86_64",
            "filesystem": [],
            "firmware": null,
            "fw_cfg_name": "opt/com.coreos/config",
            "graphics": [],
            "id": "095612d1-9c54-497c-a6df-820a68a0c3fd",
            "initrd": "",
            "kernel": "",
            "machine": "pc",
            "memory": 2048,
            "metadata": null,
            "name": "host1-vm-2",
            "network_interface": [
              {
                "addresses": [],
                "bridge": "",
                "hostname": "",
                "mac": "52:54:00:4E:41:02",
                "macvtap": "",
                "network_id": "d8e5f04f-2547-473f-948f-f3e6dfc4d761",
                "network_name": "default",
                "passthrough": "",
                "vepa": "",
                "wait_for_lease": false
              }
            ],
            "nvram": null,
            "qemu_agent": false,
            "running": true,
            "timeouts": null,
            "tpm": [],
            "type": "kvm",
            "vcpu": 2,
            "video": [],
            "xml": []
          },
          "sensitive_attributes": [],
          "private": "eyJlMmJmYjczMC1lY2FhLTExZTYtOGY4OC0zNDM2M2JjN2M0YzAiOnsiY3JlYXRlIjozMDAwMDAwMDAwMDB9fQ==",
          "dependencies": [
            "libvirt_cloudinit_disk.host1_cloudinit",
            "libvirt_volume.ubuntu_cloud_host1"
          ]
        },
        {
          "index_key": 2,
          "schema_version": 0,
          "attributes": {
            "arch": "x86_64",
            "autostart": false,
            "boot_device": [],
            "cloudinit": "/var/lib/libvirt/images/ubuntu-host1-cloudinit-3.iso;364dbf38-b828-40f8-8435-088d7f0ba13d",
            "cmdline": null,
            "console": [
              {
                "source_host": "127.0.0.1",
                "source_path": "",
                "source_service": "0",
                "target_port": "0",
                "target_type": "serial",
                "type": "pty"
              }
            ],
            "coreos_ignition": null,
            "cpu": [
              {
                "mode": "custom"
              }
            ],
            "description": "",
            "disk": [
              {
                "block_device": "",
                "file": "",
                "scsi": false,
                "url": "",
                "volume_id": "/var/lib/libvirt/images/ubuntu-host1-vm-3.img",
                "wwn": ""
              }
            ],
            "emulator": "/usr/bin/qemu-system-x86_64",
            "filesystem": [],
            "firmware": null,
            "fw_cfg_name": "opt/com.coreos/config",
            "graphics": [],
            "id": "72baee43-2fcb-4c05-a9a5-d31a80227a2f",
            "initrd": "",
            "kernel": "",
            "machine": "pc",
            "memory": 2048,
            "metadata": null,
            "name": "host1-vm-3",
            "network_interface": [
              {
                "addresses": [],
                "bridge": "",
                "hostname": "",
                "mac": "52:54:00:6E:86:A8",
                "macvtap": "",
                "network_id": "d8e5f04f-2547-473f-948f-f3e6dfc4d761",
                "network_name": "default",
                "passthrough": "",
                "vepa": "",
                "wait_for_lease": false
              }
            ],
            "nvram": null,
            "qemu_agent": false,
            "running": true,
            "timeouts": null,
            "tpm": [],
            "type": "kvm",
            "vcpu": 2,
            "video": [],
            "xml": []
          },
          "sensitive_attributes": [],
          "private": "eyJlMmJmYjczMC1lY2FhLTExZTYtOGY4OC0zNDM2M2JjN2M0YzAiOnsiY3JlYXRlIjozMDAwMDAwMDAwMDB9fQ==",
          "dependencies": [
            "libvirt_cloudinit_disk.host1_cloudinit",
            "libvirt_volume.ubuntu_cloud_host1"
          ]
        }
      ]
    },
    {
      "mode": "managed",
      "type": "libvirt_volume",
      "name": "ubuntu_cloud_host1",
      "provider": "provider[\"registry.terraform.io/dmacvicar/libvirt\"]",
      "instances": [
        {
          "index_key": 0,
          "schema_version": 0,
          "attributes": {
            "base_volume_id": null,
            "base_volume_name": null,
            "base_volume_pool": null,
            "format": "qcow2",
            "id": "/var/lib/libvirt/images/ubuntu-host1-vm-1.img",
            "name": "ubuntu-host1-vm-1.img",
            "pool": "default",
            "size": 32212254720,
            "source": "/home/noussairelassali/images/ubuntu.img",
            "xml": []
          },
          "sensitive_attributes": [],
          "private": "bnVsbA=="
        },
        {
          "index_key": 1,
          "schema_version": 0,
          "attributes": {
            "base_volume_id": null,
            "base_volume_name": null,
            "base_volume_pool": null,
            "format": "qcow2",
            "id": "/var/lib/libvirt/images/ubuntu-host1-vm-2.img",
            "name": "ubuntu-host1-vm-2.img",
            "pool": "default",
            "size": 32212254720,
            "source": "/home/noussairelassali/images/ubuntu.img",
            "xml": []
          },
          "sensitive_attributes": [],
          "private": "bnVsbA=="
        },
        {
          "index_key": 2,
          "schema_version": 0,
          "attributes": {
            "base_volume_id": null,
            "base_volume_name": null,
            "base_volume_pool": null,
            "format": "qcow2",
            "id": "/var/lib/libvirt/images/ubuntu-host1-vm-3.img",
            "name": "ubuntu-host1-vm-3.img",
            "pool": "default",
            "size": 32212254720,
            "source": "/home/noussairelassali/images/ubuntu.img",
            "xml": []
          },
          "sensitive_attributes": [],
          "private": "bnVsbA=="
        }
      ]
    }
  ],
  "check_results": null
}
